
Microsoft Visual Studio Solution File, Format Version 12.00
# Visual Studio 14
VisualStudioVersion = 14.0.24720.0
MinimumVisualStudioVersion = 10.0.40219.1
Project("{FAE04EC0-301F-11D3-BF4B-00C04F79EFBC}") = "WindowsFormsAula1", "WindowsFormsAula1\WindowsFormsAula1.csproj", "{3CBD6508-2076-4EFF-81B7-48FFB68086BE}"
EndProject
Global
	GlobalSection(SolutionConfigurationPlatforms) = preSolution
		Debug|Any CPU = Debug|Any CPU
		Release|Any CPU = Release|Any CPU
	EndGlobalSection
	GlobalSection(ProjectConfigurationPlatforms) = postSolution
		{3CBD6508-2076-4EFF-81B7-48FFB68086BE}.Debug|Any CPU.ActiveCfg = Debug|Any CPU
		{3CBD6508-2076-4EFF-81B7-48FFB68086BE}.Debug|Any CPU.Build.0 = Debug|Any CPU
		{3CBD6508-2076-4EFF-81B7-48FFB68086BE}.Release|Any CPU.ActiveCfg = Release|Any CPU
		{3CBD6508-2076-4EFF-81B7-48FFB68086BE}.Release|Any CPU.Build.0 = Release|Any CPU
	EndGlobalSection
	GlobalSection(SolutionProperties) = preSolution
		HideSolutionNode = FALSE
	EndGlobalSection
EndGlobal
